// !$*UTF8*$!
{
	archiveVersion = 1;
	classes = {
	};
	objectVersion = 56;
	objects = {

/* Begin PBXBuildFile section */
		3A196F6E2BBD726F00109FB7 /* PasswordField.swift in Sources */ = {isa = PBXBuildFile; fileRef = 3A196F6C2BBD726F00109FB7 /* PasswordField.swift */; };
		3A196F6F2BBD726F00109FB7 /* LoginView.swift in Sources */ = {isa = PBXBuildFile; fileRef = 3A196F6D2BBD726F00109FB7 /* LoginView.swift */; };
		3A196F732BBD747F00109FB7 /* Utils.swift in Sources */ = {isa = PBXBuildFile; fileRef = 3A196F722BBD747F00109FB7 /* Utils.swift */; };
		3A47AE3F2BC13FBF00073D75 /* SIGDetails.swift in Sources */ = {isa = PBXBuildFile; fileRef = 3A47AE3E2BC13FBF00073D75 /* SIGDetails.swift */; };
		3A47AE412BC14DA700073D75 /* InformationRowView.swift in Sources */ = {isa = PBXBuildFile; fileRef = 3A47AE402BC14DA700073D75 /* InformationRowView.swift */; };
		3A47AE432BC1511800073D75 /* EventListView.swift in Sources */ = {isa = PBXBuildFile; fileRef = 3A47AE422BC1511800073D75 /* EventListView.swift */; };
		3A47AE462BC1837E00073D75 /* NotificationView.swift in Sources */ = {isa = PBXBuildFile; fileRef = 3A47AE452BC1837E00073D75 /* NotificationView.swift */; };
		3A47AE4B2BC1865E00073D75 /* NotificationListView.swift in Sources */ = {isa = PBXBuildFile; fileRef = 3A47AE4A2BC1865E00073D75 /* NotificationListView.swift */; };
		3A47AE4D2BC1869A00073D75 /* NotificationRowView.swift in Sources */ = {isa = PBXBuildFile; fileRef = 3A47AE4C2BC1869A00073D75 /* NotificationRowView.swift */; };
		3A8C74292BBD4A4100CE1D58 /* ModelData.swift in Sources */ = {isa = PBXBuildFile; fileRef = 3A8C74282BBD4A4100CE1D58 /* ModelData.swift */; };
		3A8C742B2BBD4A6E00CE1D58 /* User.swift in Sources */ = {isa = PBXBuildFile; fileRef = 3A8C742A2BBD4A6E00CE1D58 /* User.swift */; };
		3A8C742D2BBD4C1400CE1D58 /* SIG.swift in Sources */ = {isa = PBXBuildFile; fileRef = 3A8C742C2BBD4C1400CE1D58 /* SIG.swift */; };
		3A8C742F2BBD4CE900CE1D58 /* EventSIG.swift in Sources */ = {isa = PBXBuildFile; fileRef = 3A8C742E2BBD4CE900CE1D58 /* EventSIG.swift */; };
		3A8C74312BBD4DED00CE1D58 /* SIGNotification.swift in Sources */ = {isa = PBXBuildFile; fileRef = 3A8C74302BBD4DED00CE1D58 /* SIGNotification.swift */; };
		3A8C74352BBD542300CE1D58 /* BookedEventView.swift in Sources */ = {isa = PBXBuildFile; fileRef = 3A8C74342BBD542300CE1D58 /* BookedEventView.swift */; };
		3A8C74372BBD54D800CE1D58 /* ExploreView.swift in Sources */ = {isa = PBXBuildFile; fileRef = 3A8C74362BBD54D800CE1D58 /* ExploreView.swift */; };
		3A8C74392BBD54ED00CE1D58 /* ProfileView.swift in Sources */ = {isa = PBXBuildFile; fileRef = 3A8C74382BBD54ED00CE1D58 /* ProfileView.swift */; };
		3A8C743B2BBD56C800CE1D58 /* Extension.swift in Sources */ = {isa = PBXBuildFile; fileRef = 3A8C743A2BBD56C800CE1D58 /* Extension.swift */; };
		3A8C743E2BBD5F8900CE1D58 /* EventCardView.swift in Sources */ = {isa = PBXBuildFile; fileRef = 3A8C743D2BBD5F8900CE1D58 /* EventCardView.swift */; };
		3AE461512BBF876B005FB89E /* SIGCardView.swift in Sources */ = {isa = PBXBuildFile; fileRef = 3AE461502BBF876B005FB89E /* SIGCardView.swift */; };
		3AEA22032BBB96CE004239F4 /* MySIGApp.swift in Sources */ = {isa = PBXBuildFile; fileRef = 3AEA22022BBB96CE004239F4 /* MySIGApp.swift */; };
		3AEA22052BBB96CE004239F4 /* ContentView.swift in Sources */ = {isa = PBXBuildFile; fileRef = 3AEA22042BBB96CE004239F4 /* ContentView.swift */; };
		3AEA22072BBB96D0004239F4 /* Assets.xcassets in Resources */ = {isa = PBXBuildFile; fileRef = 3AEA22062BBB96D0004239F4 /* Assets.xcassets */; };
		3AEA220A2BBB96D0004239F4 /* Preview Assets.xcassets in Resources */ = {isa = PBXBuildFile; fileRef = 3AEA22092BBB96D0004239F4 /* Preview Assets.xcassets */; };
		3AFF018E2BBE987900A4082B /* ExploreEventView..swift in Sources */ = {isa = PBXBuildFile; fileRef = 3AFF018D2BBE987900A4082B /* ExploreEventView..swift */; };
		3AFF01902BBE98A300A4082B /* ExploreSIGView.swift in Sources */ = {isa = PBXBuildFile; fileRef = 3AFF018F2BBE98A300A4082B /* ExploreSIGView.swift */; };
/* End PBXBuildFile section */

/* Begin PBXFileReference section */
		3A196F6C2BBD726F00109FB7 /* PasswordField.swift */ = {isa = PBXFileReference; fileEncoding = 4; lastKnownFileType = sourcecode.swift; path = PasswordField.swift; sourceTree = "<group>"; };
		3A196F6D2BBD726F00109FB7 /* LoginView.swift */ = {isa = PBXFileReference; fileEncoding = 4; lastKnownFileType = sourcecode.swift; path = LoginView.swift; sourceTree = "<group>"; };
		3A196F722BBD747F00109FB7 /* Utils.swift */ = {isa = PBXFileReference; lastKnownFileType = sourcecode.swift; path = Utils.swift; sourceTree = "<group>"; };
		3A47AE3E2BC13FBF00073D75 /* SIGDetails.swift */ = {isa = PBXFileReference; lastKnownFileType = sourcecode.swift; path = SIGDetails.swift; sourceTree = "<group>"; };
		3A47AE402BC14DA700073D75 /* InformationRowView.swift */ = {isa = PBXFileReference; lastKnownFileType = sourcecode.swift; path = InformationRowView.swift; sourceTree = "<group>"; };
		3A47AE422BC1511800073D75 /* EventListView.swift */ = {isa = PBXFileReference; lastKnownFileType = sourcecode.swift; path = EventListView.swift; sourceTree = "<group>"; };
		3A47AE452BC1837E00073D75 /* NotificationView.swift */ = {isa = PBXFileReference; lastKnownFileType = sourcecode.swift; path = NotificationView.swift; sourceTree = "<group>"; };
		3A47AE4A2BC1865E00073D75 /* NotificationListView.swift */ = {isa = PBXFileReference; lastKnownFileType = sourcecode.swift; path = NotificationListView.swift; sourceTree = "<group>"; };
		3A47AE4C2BC1869A00073D75 /* NotificationRowView.swift */ = {isa = PBXFileReference; lastKnownFileType = sourcecode.swift; path = NotificationRowView.swift; sourceTree = "<group>"; };
		3A8C74282BBD4A4100CE1D58 /* ModelData.swift */ = {isa = PBXFileReference; lastKnownFileType = sourcecode.swift; path = ModelData.swift; sourceTree = "<group>"; };
		3A8C742A2BBD4A6E00CE1D58 /* User.swift */ = {isa = PBXFileReference; lastKnownFileType = sourcecode.swift; path = User.swift; sourceTree = "<group>"; };
		3A8C742C2BBD4C1400CE1D58 /* SIG.swift */ = {isa = PBXFileReference; lastKnownFileType = sourcecode.swift; path = SIG.swift; sourceTree = "<group>"; };
		3A8C742E2BBD4CE900CE1D58 /* EventSIG.swift */ = {isa = PBXFileReference; lastKnownFileType = sourcecode.swift; path = EventSIG.swift; sourceTree = "<group>"; };
		3A8C74302BBD4DED00CE1D58 /* SIGNotification.swift */ = {isa = PBXFileReference; lastKnownFileType = sourcecode.swift; path = SIGNotification.swift; sourceTree = "<group>"; };
		3A8C74342BBD542300CE1D58 /* BookedEventView.swift */ = {isa = PBXFileReference; lastKnownFileType = sourcecode.swift; path = BookedEventView.swift; sourceTree = "<group>"; };
		3A8C74362BBD54D800CE1D58 /* ExploreView.swift */ = {isa = PBXFileReference; lastKnownFileType = sourcecode.swift; path = ExploreView.swift; sourceTree = "<group>"; };
		3A8C74382BBD54ED00CE1D58 /* ProfileView.swift */ = {isa = PBXFileReference; lastKnownFileType = sourcecode.swift; path = ProfileView.swift; sourceTree = "<group>"; };
		3A8C743A2BBD56C800CE1D58 /* Extension.swift */ = {isa = PBXFileReference; lastKnownFileType = sourcecode.swift; path = Extension.swift; sourceTree = "<group>"; };
		3A8C743D2BBD5F8900CE1D58 /* EventCardView.swift */ = {isa = PBXFileReference; lastKnownFileType = sourcecode.swift; path = EventCardView.swift; sourceTree = "<group>"; };
		3AE461502BBF876B005FB89E /* SIGCardView.swift */ = {isa = PBXFileReference; lastKnownFileType = sourcecode.swift; path = SIGCardView.swift; sourceTree = "<group>"; };
		3AEA21FF2BBB96CE004239F4 /* MySIG.app */ = {isa = PBXFileReference; explicitFileType = wrapper.application; includeInIndex = 0; path = MySIG.app; sourceTree = BUILT_PRODUCTS_DIR; };
		3AEA22022BBB96CE004239F4 /* MySIGApp.swift */ = {isa = PBXFileReference; lastKnownFileType = sourcecode.swift; path = MySIGApp.swift; sourceTree = "<group>"; };
		3AEA22042BBB96CE004239F4 /* ContentView.swift */ = {isa = PBXFileReference; lastKnownFileType = sourcecode.swift; path = ContentView.swift; sourceTree = "<group>"; };
		3AEA22062BBB96D0004239F4 /* Assets.xcassets */ = {isa = PBXFileReference; lastKnownFileType = folder.assetcatalog; path = Assets.xcassets; sourceTree = "<group>"; };
		3AEA22092BBB96D0004239F4 /* Preview Assets.xcassets */ = {isa = PBXFileReference; lastKnownFileType = folder.assetcatalog; path = "Preview Assets.xcassets"; sourceTree = "<group>"; };
		3AFF018D2BBE987900A4082B /* ExploreEventView..swift */ = {isa = PBXFileReference; lastKnownFileType = sourcecode.swift; path = ExploreEventView..swift; sourceTree = "<group>"; };
		3AFF018F2BBE98A300A4082B /* ExploreSIGView.swift */ = {isa = PBXFileReference; lastKnownFileType = sourcecode.swift; path = ExploreSIGView.swift; sourceTree = "<group>"; };
/* End PBXFileReference section */

/* Begin PBXFrameworksBuildPhase section */
		3AEA21FC2BBB96CE004239F4 /* Frameworks */ = {
			isa = PBXFrameworksBuildPhase;
			buildActionMask = 2147483647;
			files = (
			);
			runOnlyForDeploymentPostprocessing = 0;
		};
/* End PBXFrameworksBuildPhase section */

/* Begin PBXGroup section */
		3A196F702BBD744B00109FB7 /* AuthenticationView */ = {
			isa = PBXGroup;
			children = (
				3A196F6C2BBD726F00109FB7 /* PasswordField.swift */,
				3A196F6D2BBD726F00109FB7 /* LoginView.swift */,
			);
			path = AuthenticationView;
			sourceTree = "<group>";
		};
		3A196F712BBD747200109FB7 /* utils */ = {
			isa = PBXGroup;
			children = (
				3A196F722BBD747F00109FB7 /* Utils.swift */,
			);
			path = utils;
			sourceTree = "<group>";
		};
		3A47AE3D2BC13FB200073D75 /* SIGView */ = {
			isa = PBXGroup;
			children = (
				3AFF018F2BBE98A300A4082B /* ExploreSIGView.swift */,
				3A47AE3E2BC13FBF00073D75 /* SIGDetails.swift */,
			);
			path = SIGView;
			sourceTree = "<group>";
		};
		3A47AE442BC1836D00073D75 /* BookedEvent */ = {
			isa = PBXGroup;
			children = (
				3A8C74342BBD542300CE1D58 /* BookedEventView.swift */,
				3A47AE452BC1837E00073D75 /* NotificationView.swift */,
			);
			path = BookedEvent;
			sourceTree = "<group>";
		};
		3A47AE472BC183F500073D75 /* Event */ = {
			isa = PBXGroup;
			children = (
				3A47AE422BC1511800073D75 /* EventListView.swift */,
				3A8C743D2BBD5F8900CE1D58 /* EventCardView.swift */,
			);
			path = Event;
			sourceTree = "<group>";
		};
		3A47AE482BC1840200073D75 /* SIG */ = {
			isa = PBXGroup;
			children = (
				3AE461502BBF876B005FB89E /* SIGCardView.swift */,
			);
			path = SIG;
			sourceTree = "<group>";
		};
		3A47AE492BC1864A00073D75 /* Notification */ = {
			isa = PBXGroup;
			children = (
				3A47AE4A2BC1865E00073D75 /* NotificationListView.swift */,
				3A47AE4C2BC1869A00073D75 /* NotificationRowView.swift */,
			);
			path = Notification;
			sourceTree = "<group>";
		};
		3A8C74262BBD4A0E00CE1D58 /* View */ = {
			isa = PBXGroup;
			children = (
				3AFF018A2BBE4AEE00A4082B /* Tab */,
				3A196F702BBD744B00109FB7 /* AuthenticationView */,
				3A8C743C2BBD5F7600CE1D58 /* Components */,
				3AEA22042BBB96CE004239F4 /* ContentView.swift */,
			);
			path = View;
			sourceTree = "<group>";
		};
		3A8C74272BBD4A1400CE1D58 /* Model */ = {
			isa = PBXGroup;
			children = (
				3A8C74282BBD4A4100CE1D58 /* ModelData.swift */,
				3A8C742A2BBD4A6E00CE1D58 /* User.swift */,
				3A8C742C2BBD4C1400CE1D58 /* SIG.swift */,
				3A8C742E2BBD4CE900CE1D58 /* EventSIG.swift */,
				3A8C74302BBD4DED00CE1D58 /* SIGNotification.swift */,
				3A8C743A2BBD56C800CE1D58 /* Extension.swift */,
			);
			path = Model;
			sourceTree = "<group>";
		};
		3A8C743C2BBD5F7600CE1D58 /* Components */ = {
			isa = PBXGroup;
			children = (
				3A47AE492BC1864A00073D75 /* Notification */,
				3A47AE472BC183F500073D75 /* Event */,
				3A47AE482BC1840200073D75 /* SIG */,
				3A47AE402BC14DA700073D75 /* InformationRowView.swift */,
			);
			path = Components;
			sourceTree = "<group>";
		};
		3AEA21F62BBB96CE004239F4 = {
			isa = PBXGroup;
			children = (
				3AEA22012BBB96CE004239F4 /* MySIG */,
				3AEA22002BBB96CE004239F4 /* Products */,
			);
			sourceTree = "<group>";
		};
		3AEA22002BBB96CE004239F4 /* Products */ = {
			isa = PBXGroup;
			children = (
				3AEA21FF2BBB96CE004239F4 /* MySIG.app */,
			);
			name = Products;
			sourceTree = "<group>";
		};
		3AEA22012BBB96CE004239F4 /* MySIG */ = {
			isa = PBXGroup;
			children = (
				3A196F712BBD747200109FB7 /* utils */,
				3A8C74272BBD4A1400CE1D58 /* Model */,
				3A8C74262BBD4A0E00CE1D58 /* View */,
				3AEA22022BBB96CE004239F4 /* MySIGApp.swift */,
				3AEA22062BBB96D0004239F4 /* Assets.xcassets */,
				3AEA22082BBB96D0004239F4 /* Preview Content */,
			);
			path = MySIG;
			sourceTree = "<group>";
		};
		3AEA22082BBB96D0004239F4 /* Preview Content */ = {
			isa = PBXGroup;
			children = (
				3AEA22092BBB96D0004239F4 /* Preview Assets.xcassets */,
			);
			path = "Preview Content";
			sourceTree = "<group>";
		};
		3AFF018A2BBE4AEE00A4082B /* Tab */ = {
			isa = PBXGroup;
			children = (
				3A47AE442BC1836D00073D75 /* BookedEvent */,
				3AFF018C2BBE986000A4082B /* Explore */,
				3A8C74382BBD54ED00CE1D58 /* ProfileView.swift */,
			);
			path = Tab;
			sourceTree = "<group>";
		};
		3AFF018C2BBE986000A4082B /* Explore */ = {
			isa = PBXGroup;
			children = (
				3A8C74362BBD54D800CE1D58 /* ExploreView.swift */,
				3AFF018D2BBE987900A4082B /* ExploreEventView..swift */,
				3A47AE3D2BC13FB200073D75 /* SIGView */,
			);
			path = Explore;
			sourceTree = "<group>";
		};
/* End PBXGroup section */

/* Begin PBXNativeTarget section */
		3AEA21FE2BBB96CE004239F4 /* MySIG */ = {
			isa = PBXNativeTarget;
			buildConfigurationList = 3AEA220D2BBB96D0004239F4 /* Build configuration list for PBXNativeTarget "MySIG" */;
			buildPhases = (
				3AEA21FB2BBB96CE004239F4 /* Sources */,
				3AEA21FC2BBB96CE004239F4 /* Frameworks */,
				3AEA21FD2BBB96CE004239F4 /* Resources */,
			);
			buildRules = (
			);
			dependencies = (
			);
			name = MySIG;
			productName = MySIG;
			productReference = 3AEA21FF2BBB96CE004239F4 /* MySIG.app */;
			productType = "com.apple.product-type.application";
		};
/* End PBXNativeTarget section */

/* Begin PBXProject section */
		3AEA21F72BBB96CE004239F4 /* Project object */ = {
			isa = PBXProject;
			attributes = {
				BuildIndependentTargetsInParallel = 1;
				LastSwiftUpdateCheck = 1520;
				LastUpgradeCheck = 1520;
				TargetAttributes = {
					3AEA21FE2BBB96CE004239F4 = {
						CreatedOnToolsVersion = 15.2;
					};
				};
			};
			buildConfigurationList = 3AEA21FA2BBB96CE004239F4 /* Build configuration list for PBXProject "MySIG" */;
			compatibilityVersion = "Xcode 14.0";
			developmentRegion = en;
			hasScannedForEncodings = 0;
			knownRegions = (
				en,
				Base,
			);
			mainGroup = 3AEA21F62BBB96CE004239F4;
			productRefGroup = 3AEA22002BBB96CE004239F4 /* Products */;
			projectDirPath = "";
			projectRoot = "";
			targets = (
				3AEA21FE2BBB96CE004239F4 /* MySIG */,
			);
		};
/* End PBXProject section */

/* Begin PBXResourcesBuildPhase section */
		3AEA21FD2BBB96CE004239F4 /* Resources */ = {
			isa = PBXResourcesBuildPhase;
			buildActionMask = 2147483647;
			files = (
				3AEA220A2BBB96D0004239F4 /* Preview Assets.xcassets in Resources */,
				3AEA22072BBB96D0004239F4 /* Assets.xcassets in Resources */,
			);
			runOnlyForDeploymentPostprocessing = 0;
		};
/* End PBXResourcesBuildPhase section */

/* Begin PBXSourcesBuildPhase section */
		3AEA21FB2BBB96CE004239F4 /* Sources */ = {
			isa = PBXSourcesBuildPhase;
			buildActionMask = 2147483647;
			files = (
				3A8C742B2BBD4A6E00CE1D58 /* User.swift in Sources */,
				3A47AE3F2BC13FBF00073D75 /* SIGDetails.swift in Sources */,
				3A8C743B2BBD56C800CE1D58 /* Extension.swift in Sources */,
				3A47AE462BC1837E00073D75 /* NotificationView.swift in Sources */,
				3A8C742D2BBD4C1400CE1D58 /* SIG.swift in Sources */,
				3A47AE4B2BC1865E00073D75 /* NotificationListView.swift in Sources */,
				3A47AE4D2BC1869A00073D75 /* NotificationRowView.swift in Sources */,
				3AFF01902BBE98A300A4082B /* ExploreSIGView.swift in Sources */,
				3AE461512BBF876B005FB89E /* SIGCardView.swift in Sources */,
				3A196F6F2BBD726F00109FB7 /* LoginView.swift in Sources */,
				3AEA22052BBB96CE004239F4 /* ContentView.swift in Sources */,
				3A196F732BBD747F00109FB7 /* Utils.swift in Sources */,
				3A8C74312BBD4DED00CE1D58 /* SIGNotification.swift in Sources */,
				3A47AE432BC1511800073D75 /* EventListView.swift in Sources */,
				3AFF018E2BBE987900A4082B /* ExploreEventView..swift in Sources */,
				3A8C74372BBD54D800CE1D58 /* ExploreView.swift in Sources */,
				3A47AE412BC14DA700073D75 /* InformationRowView.swift in Sources */,
				3AEA22032BBB96CE004239F4 /* MySIGApp.swift in Sources */,
				3A8C743E2BBD5F8900CE1D58 /* EventCardView.swift in Sources */,
				3A8C742F2BBD4CE900CE1D58 /* EventSIG.swift in Sources */,
				3A8C74352BBD542300CE1D58 /* BookedEventView.swift in Sources */,
				3A196F6E2BBD726F00109FB7 /* PasswordField.swift in Sources */,
				3A8C74392BBD54ED00CE1D58 /* ProfileView.swift in Sources */,
				3A8C74292BBD4A4100CE1D58 /* ModelData.swift in Sources */,
			);
			runOnlyForDeploymentPostprocessing = 0;
		};
/* End PBXSourcesBuildPhase section */

/* Begin XCBuildConfiguration section */
		3AEA220B2BBB96D0004239F4 /* Debug */ = {
			isa = XCBuildConfiguration;
			buildSettings = {
				ALWAYS_SEARCH_USER_PATHS = NO;
				ASSETCATALOG_COMPILER_GENERATE_SWIFT_ASSET_SYMBOL_EXTENSIONS = YES;
				CLANG_ANALYZER_NONNULL = YES;
				CLANG_ANALYZER_NUMBER_OBJECT_CONVERSION = YES_AGGRESSIVE;
				CLANG_CXX_LANGUAGE_STANDARD = "gnu++20";
				CLANG_ENABLE_MODULES = YES;
				CLANG_ENABLE_OBJC_ARC = YES;
				CLANG_ENABLE_OBJC_WEAK = YES;
				CLANG_WARN_BLOCK_CAPTURE_AUTORELEASING = YES;
				CLANG_WARN_BOOL_CONVERSION = YES;
				CLANG_WARN_COMMA = YES;
				CLANG_WARN_CONSTANT_CONVERSION = YES;
				CLANG_WARN_DEPRECATED_OBJC_IMPLEMENTATIONS = YES;
				CLANG_WARN_DIRECT_OBJC_ISA_USAGE = YES_ERROR;
				CLANG_WARN_DOCUMENTATION_COMMENTS = YES;
				CLANG_WARN_EMPTY_BODY = YES;
				CLANG_WARN_ENUM_CONVERSION = YES;
				CLANG_WARN_INFINITE_RECURSION = YES;
				CLANG_WARN_INT_CONVERSION = YES;
				CLANG_WARN_NON_LITERAL_NULL_CONVERSION = YES;
				CLANG_WARN_OBJC_IMPLICIT_RETAIN_SELF = YES;
				CLANG_WARN_OBJC_LITERAL_CONVERSION = YES;
				CLANG_WARN_OBJC_ROOT_CLASS = YES_ERROR;
				CLANG_WARN_QUOTED_INCLUDE_IN_FRAMEWORK_HEADER = YES;
				CLANG_WARN_RANGE_LOOP_ANALYSIS = YES;
				CLANG_WARN_STRICT_PROTOTYPES = YES;
				CLANG_WARN_SUSPICIOUS_MOVE = YES;
				CLANG_WARN_UNGUARDED_AVAILABILITY = YES_AGGRESSIVE;
				CLANG_WARN_UNREACHABLE_CODE = YES;
				CLANG_WARN__DUPLICATE_METHOD_MATCH = YES;
				COPY_PHASE_STRIP = NO;
				DEBUG_INFORMATION_FORMAT = dwarf;
				ENABLE_STRICT_OBJC_MSGSEND = YES;
				ENABLE_TESTABILITY = YES;
				ENABLE_USER_SCRIPT_SANDBOXING = YES;
				GCC_C_LANGUAGE_STANDARD = gnu17;
				GCC_DYNAMIC_NO_PIC = NO;
				GCC_NO_COMMON_BLOCKS = YES;
				GCC_OPTIMIZATION_LEVEL = 0;
				GCC_PREPROCESSOR_DEFINITIONS = (
					"DEBUG=1",
					"$(inherited)",
				);
				GCC_WARN_64_TO_32_BIT_CONVERSION = YES;
				GCC_WARN_ABOUT_RETURN_TYPE = YES_ERROR;
				GCC_WARN_UNDECLARED_SELECTOR = YES;
				GCC_WARN_UNINITIALIZED_AUTOS = YES_AGGRESSIVE;
				GCC_WARN_UNUSED_FUNCTION = YES;
				GCC_WARN_UNUSED_VARIABLE = YES;
				IPHONEOS_DEPLOYMENT_TARGET = 17.2;
				LOCALIZATION_PREFERS_STRING_CATALOGS = YES;
				MTL_ENABLE_DEBUG_INFO = INCLUDE_SOURCE;
				MTL_FAST_MATH = YES;
				ONLY_ACTIVE_ARCH = YES;
				SDKROOT = iphoneos;
				SWIFT_ACTIVE_COMPILATION_CONDITIONS = "DEBUG $(inherited)";
				SWIFT_OPTIMIZATION_LEVEL = "-Onone";
			};
			name = Debug;
		};
		3AEA220C2BBB96D0004239F4 /* Release */ = {
			isa = XCBuildConfiguration;
			buildSettings = {
				ALWAYS_SEARCH_USER_PATHS = NO;
				ASSETCATALOG_COMPILER_GENERATE_SWIFT_ASSET_SYMBOL_EXTENSIONS = YES;
				CLANG_ANALYZER_NONNULL = YES;
				CLANG_ANALYZER_NUMBER_OBJECT_CONVERSION = YES_AGGRESSIVE;
				CLANG_CXX_LANGUAGE_STANDARD = "gnu++20";
				CLANG_ENABLE_MODULES = YES;
				CLANG_ENABLE_OBJC_ARC = YES;
				CLANG_ENABLE_OBJC_WEAK = YES;
				CLANG_WARN_BLOCK_CAPTURE_AUTORELEASING = YES;
				CLANG_WARN_BOOL_CONVERSION = YES;
				CLANG_WARN_COMMA = YES;
				CLANG_WARN_CONSTANT_CONVERSION = YES;
				CLANG_WARN_DEPRECATED_OBJC_IMPLEMENTATIONS = YES;
				CLANG_WARN_DIRECT_OBJC_ISA_USAGE = YES_ERROR;
				CLANG_WARN_DOCUMENTATION_COMMENTS = YES;
				CLANG_WARN_EMPTY_BODY = YES;
				CLANG_WARN_ENUM_CONVERSION = YES;
				CLANG_WARN_INFINITE_RECURSION = YES;
				CLANG_WARN_INT_CONVERSION = YES;
				CLANG_WARN_NON_LITERAL_NULL_CONVERSION = YES;
				CLANG_WARN_OBJC_IMPLICIT_RETAIN_SELF = YES;
				CLANG_WARN_OBJC_LITERAL_CONVERSION = YES;
				CLANG_WARN_OBJC_ROOT_CLASS = YES_ERROR;
				CLANG_WARN_QUOTED_INCLUDE_IN_FRAMEWORK_HEADER = YES;
				CLANG_WARN_RANGE_LOOP_ANALYSIS = YES;
				CLANG_WARN_STRICT_PROTOTYPES = YES;
				CLANG_WARN_SUSPICIOUS_MOVE = YES;
				CLANG_WARN_UNGUARDED_AVAILABILITY = YES_AGGRESSIVE;
				CLANG_WARN_UNREACHABLE_CODE = YES;
				CLANG_WARN__DUPLICATE_METHOD_MATCH = YES;
				COPY_PHASE_STRIP = NO;
				DEBUG_INFORMATION_FORMAT = "dwarf-with-dsym";
				ENABLE_NS_ASSERTIONS = NO;
				ENABLE_STRICT_OBJC_MSGSEND = YES;
				ENABLE_USER_SCRIPT_SANDBOXING = YES;
				GCC_C_LANGUAGE_STANDARD = gnu17;
				GCC_NO_COMMON_BLOCKS = YES;
				GCC_WARN_64_TO_32_BIT_CONVERSION = YES;
				GCC_WARN_ABOUT_RETURN_TYPE = YES_ERROR;
				GCC_WARN_UNDECLARED_SELECTOR = YES;
				GCC_WARN_UNINITIALIZED_AUTOS = YES_AGGRESSIVE;
				GCC_WARN_UNUSED_FUNCTION = YES;
				GCC_WARN_UNUSED_VARIABLE = YES;
				IPHONEOS_DEPLOYMENT_TARGET = 17.2;
				LOCALIZATION_PREFERS_STRING_CATALOGS = YES;
				MTL_ENABLE_DEBUG_INFO = NO;
				MTL_FAST_MATH = YES;
				SDKROOT = iphoneos;
				SWIFT_COMPILATION_MODE = wholemodule;
				VALIDATE_PRODUCT = YES;
			};
			name = Release;
		};
		3AEA220E2BBB96D0004239F4 /* Debug */ = {
			isa = XCBuildConfiguration;
			buildSettings = {
				ASSETCATALOG_COMPILER_APPICON_NAME = AppIcon;
				ASSETCATALOG_COMPILER_GLOBAL_ACCENT_COLOR_NAME = AccentColor;
				CODE_SIGN_STYLE = Automatic;
				CURRENT_PROJECT_VERSION = 1;
				DEVELOPMENT_ASSET_PATHS = "\"MySIG/Preview Content\"";
				ENABLE_PREVIEWS = YES;
				GENERATE_INFOPLIST_FILE = YES;
				INFOPLIST_KEY_UIApplicationSceneManifest_Generation = YES;
				INFOPLIST_KEY_UIApplicationSupportsIndirectInputEvents = YES;
				INFOPLIST_KEY_UILaunchScreen_Generation = YES;
				INFOPLIST_KEY_UISupportedInterfaceOrientations_iPad = "UIInterfaceOrientationPortrait UIInterfaceOrientationPortraitUpsideDown UIInterfaceOrientationLandscapeLeft UIInterfaceOrientationLandscapeRight";
				INFOPLIST_KEY_UISupportedInterfaceOrientations_iPhone = "UIInterfaceOrientationPortrait UIInterfaceOrientationLandscapeLeft UIInterfaceOrientationLandscapeRight";
				LD_RUNPATH_SEARCH_PATHS = (
					"$(inherited)",
					"@executable_path/Frameworks",
				);
				MARKETING_VERSION = 1.0;
				PRODUCT_BUNDLE_IDENTIFIER = com.appledevacad.mc1.team12.MySIG;
				PRODUCT_NAME = "$(TARGET_NAME)";
				SWIFT_EMIT_LOC_STRINGS = YES;
				SWIFT_VERSION = 5.0;
				TARGETED_DEVICE_FAMILY = "1,2";
			};
			name = Debug;
		};
		3AEA220F2BBB96D0004239F4 /* Release */ = {
			isa = XCBuildConfiguration;
			buildSettings = {
				ASSETCATALOG_COMPILER_APPICON_NAME = AppIcon;
				ASSETCATALOG_COMPILER_GLOBAL_ACCENT_COLOR_NAME = AccentColor;
				CODE_SIGN_STYLE = Automatic;
				CURRENT_PROJECT_VERSION = 1;
				DEVELOPMENT_ASSET_PATHS = "\"MySIG/Preview Content\"";
				ENABLE_PREVIEWS = YES;
				GENERATE_INFOPLIST_FILE = YES;
				INFOPLIST_KEY_UIApplicationSceneManifest_Generation = YES;
				INFOPLIST_KEY_UIApplicationSupportsIndirectInputEvents = YES;
				INFOPLIST_KEY_UILaunchScreen_Generation = YES;
				INFOPLIST_KEY_UISupportedInterfaceOrientations_iPad = "UIInterfaceOrientationPortrait UIInterfaceOrientationPortraitUpsideDown UIInterfaceOrientationLandscapeLeft UIInterfaceOrientationLandscapeRight";
				INFOPLIST_KEY_UISupportedInterfaceOrientations_iPhone = "UIInterfaceOrientationPortrait UIInterfaceOrientationLandscapeLeft UIInterfaceOrientationLandscapeRight";
				LD_RUNPATH_SEARCH_PATHS = (
					"$(inherited)",
					"@executable_path/Frameworks",
				);
				MARKETING_VERSION = 1.0;
				PRODUCT_BUNDLE_IDENTIFIER = com.appledevacad.mc1.team12.MySIG;
				PRODUCT_NAME = "$(TARGET_NAME)";
				SWIFT_EMIT_LOC_STRINGS = YES;
				SWIFT_VERSION = 5.0;
				TARGETED_DEVICE_FAMILY = "1,2";
			};
			name = Release;
		};
/* End XCBuildConfiguration section */

/* Begin XCConfigurationList section */
		3AEA21FA2BBB96CE004239F4 /* Build configuration list for PBXProject "MySIG" */ = {
			isa = XCConfigurationList;
			buildConfigurations = (
				3AEA220B2BBB96D0004239F4 /* Debug */,
				3AEA220C2BBB96D0004239F4 /* Release */,
			);
			defaultConfigurationIsVisible = 0;
			defaultConfigurationName = Release;
		};
		3AEA220D2BBB96D0004239F4 /* Build configuration list for PBXNativeTarget "MySIG" */ = {
			isa = XCConfigurationList;
			buildConfigurations = (
				3AEA220E2BBB96D0004239F4 /* Debug */,
				3AEA220F2BBB96D0004239F4 /* Release */,
			);
			defaultConfigurationIsVisible = 0;
			defaultConfigurationName = Release;
		};
/* End XCConfigurationList section */
	};
	rootObject = 3AEA21F72BBB96CE004239F4 /* Project object */;
}
